<?xml version="1.0" encoding="utf-8"?>
<Project ToolsVersion="4.0" xmlns="http://schemas.microsoft.com/developer/msbuild/2003">
  <ItemGroup>
    <Filter Include="win32">
      <UniqueIdentifier>{84a8ebd7-7cf0-47f6-b75e-d441df67da40}</UniqueIdentifier>
    </Filter>
    <Filter Include="resource">
      <UniqueIdentifier>{715254bc-d70b-4ec5-bf29-467dd3ace079}</UniqueIdentifier>
    </Filter>
    <Filter Include="src">
      <UniqueIdentifier>{bb6c862e-70e9-49d9-81b7-3829a6f50471}</UniqueIdentifier>
    </Filter>
    <Filter Include="src\Utils">
      <UniqueIdentifier>{970b3ffe-e551-43d5-b405-21c59353a0a6}</UniqueIdentifier>
    </Filter>
    <Filter Include="src\Scene">
      <UniqueIdentifier>{9b574c19-80b2-4b28-b258-7fef7556c4c4}</UniqueIdentifier>
    </Filter>
    <Filter Include="src\Layer">
      <UniqueIdentifier>{d50f5e22-ec83-447e-bca8-cb47d1efa00b}</UniqueIdentifier>
    </Filter>
    <Filter Include="src\Entity">
      <UniqueIdentifier>{a9f9a030-4a35-43de-a1ed-8d85a4c3f511}</UniqueIdentifier>
    </Filter>
    <Filter Include="src\Controller">
      <UniqueIdentifier>{e23324f3-accf-44ea-9043-83c250570992}</UniqueIdentifier>
    </Filter>
    <Filter Include="src\Entity\Character">
      <UniqueIdentifier>{c8c172d6-0f26-44d2-bbd6-d54c7ab34856}</UniqueIdentifier>
    </Filter>
    <Filter Include="src\Entity\FlyingObject">
      <UniqueIdentifier>{518df1d6-81db-4f67-845f-893b6519d6d0}</UniqueIdentifier>
    </Filter>
    <Filter Include="src\Json">
      <UniqueIdentifier>{a8b09e56-8ebf-4863-91f1-e13e5141a4ee}</UniqueIdentifier>
    </Filter>
    <Filter Include="src\Entity\Character\Boss">
      <UniqueIdentifier>{02cb032b-86cd-409c-88ce-cab906056138}</UniqueIdentifier>
    </Filter>
    <Filter Include="src\Entity\SceneItem">
      <UniqueIdentifier>{8daa9130-b915-4afb-9ed1-06a3ff87cc24}</UniqueIdentifier>
    </Filter>
  </ItemGroup>
  <ItemGroup>
    <ClCompile Include="main.cpp">
      <Filter>win32</Filter>
    </ClCompile>
    <ClCompile Include="..\Classes\AppDelegate.cpp">
      <Filter>src</Filter>
    </ClCompile>
    <ClCompile Include="..\Classes\Layer\NPCLayer.cpp">
      <Filter>src\Layer</Filter>
    </ClCompile>
    <ClCompile Include="..\Classes\Layer\BackgroundLayer.cpp">
      <Filter>src\Layer</Filter>
    </ClCompile>
    <ClCompile Include="..\Classes\Layer\GameMenuLayer.cpp">
      <Filter>src\Layer</Filter>
    </ClCompile>
    <ClCompile Include="..\Classes\Scene\InitialScene.cpp">
      <Filter>src\Scene</Filter>
    </ClCompile>
    <ClCompile Include="..\Classes\Scene\MainScene.cpp">
      <Filter>src\Scene</Filter>
    </ClCompile>
    <ClCompile Include="..\Classes\Util\AnimationUtil.cpp">
      <Filter>src\Utils</Filter>
    </ClCompile>
    <ClCompile Include="..\Classes\Util\MenuItemUtil.cpp">
      <Filter>src\Utils</Filter>
    </ClCompile>
    <ClCompile Include="..\Classes\Util\ResourcesLoadingUtil.cpp">
      <Filter>src\Utils</Filter>
    </ClCompile>
    <ClCompile Include="..\Classes\Scene\GameScene.cpp">
      <Filter>src\Scene</Filter>
    </ClCompile>
    <ClCompile Include="..\Classes\Layer\PaneLayer.cpp">
      <Filter>src\Layer</Filter>
    </ClCompile>
    <ClCompile Include="..\Classes\Controller\SCController.cpp">
      <Filter>src\Controller</Filter>
    </ClCompile>
    <ClCompile Include="..\Classes\Controller\PlayerController.cpp">
      <Filter>src\Controller</Filter>
    </ClCompile>
    <ClCompile Include="..\Classes\Layer\GameLayer.cpp">
      <Filter>src\Layer</Filter>
    </ClCompile>
    <ClCompile Include="..\Classes\Entity\FlyingObject.cpp">
      <Filter>src\Entity\FlyingObject</Filter>
    </ClCompile>
    <ClCompile Include="..\Classes\Entity\Player.cpp">
      <Filter>src\Entity\Character</Filter>
    </ClCompile>
    <ClCompile Include="..\Classes\Entity\Monster.cpp">
      <Filter>src\Entity\Character</Filter>
    </ClCompile>
    <ClCompile Include="..\Classes\Entity\NPC.cpp">
      <Filter>src\Entity\Character</Filter>
    </ClCompile>
    <ClCompile Include="..\Classes\Entity\AttackFlyingObject.cpp">
      <Filter>src\Entity\FlyingObject</Filter>
    </ClCompile>
    <ClCompile Include="..\Classes\Entity\Portal.cpp">
      <Filter>src\Entity</Filter>
    </ClCompile>
    <ClCompile Include="..\Classes\Scene\TestScene.cpp">
      <Filter>src\Scene</Filter>
    </ClCompile>
    <ClCompile Include="..\Classes\Json\json_reader.cpp">
      <Filter>src\Json</Filter>
    </ClCompile>
    <ClCompile Include="..\Classes\Json\json_value.cpp">
      <Filter>src\Json</Filter>
    </ClCompile>
    <ClCompile Include="..\Classes\Json\json_writer.cpp">
      <Filter>src\Json</Filter>
    </ClCompile>
    <ClCompile Include="..\Classes\Layer\ScoreCountLayer.cpp">
      <Filter>src\Layer</Filter>
    </ClCompile>
    <ClCompile Include="..\Classes\ScoreCount.cpp">
      <Filter>src</Filter>
    </ClCompile>
    <ClCompile Include="..\Classes\Layer\ShieldLayer.cpp">
      <Filter>src\Layer</Filter>
    </ClCompile>
    <ClCompile Include="..\Classes\Entity\Boss.cpp">
      <Filter>src\Entity\Character\Boss</Filter>
    </ClCompile>
    <ClCompile Include="..\Classes\Entity\CombatEntity.cpp">
      <Filter>src\Entity</Filter>
    </ClCompile>
    <ClCompile Include="..\Classes\Util\JsonUtil.cpp">
      <Filter>src\Utils</Filter>
    </ClCompile>
    <ClCompile Include="..\Classes\HeartCount.cpp">
      <Filter>src</Filter>
    </ClCompile>
    <ClCompile Include="..\Classes\HpBar.cpp">
      <Filter>src</Filter>
    </ClCompile>
    <ClCompile Include="..\Classes\GameManager.cpp">
      <Filter>src</Filter>
    </ClCompile>
    <ClCompile Include="..\Classes\Util\EnemyDataLoadUtil.cpp">
      <Filter>src\Utils</Filter>
    </ClCompile>
    <ClCompile Include="..\Classes\PauseDevice.cpp">
      <Filter>src</Filter>
    </ClCompile>
    <ClCompile Include="..\Classes\Layer\SceneItemLayer.cpp">
      <Filter>src\Layer</Filter>
    </ClCompile>
    <ClCompile Include="..\Classes\Entity\SceneItem.cpp">
      <Filter>src\Entity\SceneItem</Filter>
    </ClCompile>
    <ClCompile Include="..\Classes\Entity\LeverSceneItem.cpp">
      <Filter>src\Entity\SceneItem</Filter>
    </ClCompile>
    <ClCompile Include="..\Classes\Entity\PulleySceneItem.cpp">
      <Filter>src\Entity\SceneItem</Filter>
    </ClCompile>
    <ClCompile Include="..\Classes\Entity\RailgunSceneItem.cpp">
      <Filter>src\Entity\SceneItem</Filter>
    </ClCompile>
    <ClCompile Include="..\Classes\Entity\ChemistrySceneItem.cpp">
      <Filter>src\Entity\SceneItem</Filter>
    </ClCompile>
    <ClCompile Include="..\Classes\Entity\ConsumableProp.cpp">
      <Filter>src\Entity</Filter>
    </ClCompile>
    <ClCompile Include="..\Classes\Entity\PlacementProp.cpp">
      <Filter>src\Entity</Filter>
    </ClCompile>
    <ClCompile Include="..\Classes\Entity\PortableProp.cpp">
      <Filter>src\Entity</Filter>
    </ClCompile>
    <ClCompile Include="..\Classes\ShopItemButton.cpp">
      <Filter>src</Filter>
    </ClCompile>
    <ClCompile Include="..\Classes\PlayerInfo.cpp">
      <Filter>src</Filter>
    </ClCompile>
    <ClCompile Include="..\Classes\Entity\BossSkill.cpp">
      <Filter>src\Entity</Filter>
    </ClCompile>
    <ClCompile Include="..\Classes\CharacterSelector.cpp">
      <Filter>src</Filter>
    </ClCompile>
    <ClCompile Include="..\Classes\Entity\BossFlyingObject.cpp">
      <Filter>src\Entity\FlyingObject</Filter>
    </ClCompile>
  </ItemGroup>
  <ItemGroup>
    <ClInclude Include="main.h">
      <Filter>win32</Filter>
    </ClInclude>
    <ClInclude Include="..\Classes\AppDelegate.h">
      <Filter>src</Filter>
    </ClInclude>
    <ClInclude Include="..\Classes\Layer\NPCLayer.h">
      <Filter>src\Layer</Filter>
    </ClInclude>
    <ClInclude Include="..\Classes\Layer\BackgroundLayer.h">
      <Filter>src\Layer</Filter>
    </ClInclude>
    <ClInclude Include="..\Classes\Layer\GameMenuLayer.h">
      <Filter>src\Layer</Filter>
    </ClInclude>
    <ClInclude Include="..\Classes\Scene\InitialScene.h">
      <Filter>src\Scene</Filter>
    </ClInclude>
    <ClInclude Include="..\Classes\Scene\MainScene.h">
      <Filter>src\Scene</Filter>
    </ClInclude>
    <ClInclude Include="..\Classes\Util\AnimationUtil.h">
      <Filter>src\Utils</Filter>
    </ClInclude>
    <ClInclude Include="..\Classes\Util\MenuItemUtil.h">
      <Filter>src\Utils</Filter>
    </ClInclude>
    <ClInclude Include="..\Classes\Util\ResourcesLoadingUtil.h">
      <Filter>src\Utils</Filter>
    </ClInclude>
    <ClInclude Include="..\Classes\Scene\GameScene.h">
      <Filter>src\Scene</Filter>
    </ClInclude>
    <ClInclude Include="..\Classes\Layer\PaneLayer.h">
      <Filter>src\Layer</Filter>
    </ClInclude>
    <ClInclude Include="..\Classes\Controller\SCController.h">
      <Filter>src\Controller</Filter>
    </ClInclude>
    <ClInclude Include="..\Classes\Controller\PlayerController.h">
      <Filter>src\Controller</Filter>
    </ClInclude>
    <ClInclude Include="..\Classes\Controller\GeneralControllerListener.h">
      <Filter>src\Controller</Filter>
    </ClInclude>
    <ClInclude Include="..\Classes\Layer\GameLayer.h">
      <Filter>src\Layer</Filter>
    </ClInclude>
    <ClInclude Include="..\Classes\Entity\FlyingObject.h">
      <Filter>src\Entity\FlyingObject</Filter>
    </ClInclude>
    <ClInclude Include="..\Classes\Entity\Player.h">
      <Filter>src\Entity\Character</Filter>
    </ClInclude>
    <ClInclude Include="..\Classes\Entity\Monster.h">
      <Filter>src\Entity\Character</Filter>
    </ClInclude>
    <ClInclude Include="..\Classes\Entity\NPC.h">
      <Filter>src\Entity\Character</Filter>
    </ClInclude>
    <ClInclude Include="..\Classes\Entity\AttackFlyingObject.h">
      <Filter>src\Entity\FlyingObject</Filter>
    </ClInclude>
    <ClInclude Include="..\Classes\CustomizeStruct.h">
      <Filter>src</Filter>
    </ClInclude>
    <ClInclude Include="..\Classes\Entity\Portal.h">
      <Filter>src\Entity</Filter>
    </ClInclude>
    <ClInclude Include="..\Classes\Scene\TestScene.h">
      <Filter>src\Scene</Filter>
    </ClInclude>
    <ClInclude Include="..\Classes\Json\autolink.h">
      <Filter>src\Json</Filter>
    </ClInclude>
    <ClInclude Include="..\Classes\Json\config.h">
      <Filter>src\Json</Filter>
    </ClInclude>
    <ClInclude Include="..\Classes\Json\features.h">
      <Filter>src\Json</Filter>
    </ClInclude>
    <ClInclude Include="..\Classes\Json\forwards.h">
      <Filter>src\Json</Filter>
    </ClInclude>
    <ClInclude Include="..\Classes\Json\json.h">
      <Filter>src\Json</Filter>
    </ClInclude>
    <ClInclude Include="..\Classes\Json\json_batchallocator.h">
      <Filter>src\Json</Filter>
    </ClInclude>
    <ClInclude Include="..\Classes\Json\reader.h">
      <Filter>src\Json</Filter>
    </ClInclude>
    <ClInclude Include="..\Classes\Json\value.h">
      <Filter>src\Json</Filter>
    </ClInclude>
    <ClInclude Include="..\Classes\Json\writer.h">
      <Filter>src\Json</Filter>
    </ClInclude>
    <ClInclude Include="..\Classes\CustomizeEnum.h">
      <Filter>src</Filter>
    </ClInclude>
    <ClInclude Include="..\Classes\Layer\ScoreCountLayer.h">
      <Filter>src\Layer</Filter>
    </ClInclude>
    <ClInclude Include="..\Classes\ScoreCount.h">
      <Filter>src</Filter>
    </ClInclude>
    <ClInclude Include="..\Classes\Layer\ShieldLayer.h">
      <Filter>src\Layer</Filter>
    </ClInclude>
    <ClInclude Include="..\Classes\Entity\Boss.h">
      <Filter>src\Entity\Character\Boss</Filter>
    </ClInclude>
    <ClInclude Include="..\Classes\Entity\CombatEntity.h">
      <Filter>src\Entity</Filter>
    </ClInclude>
    <ClInclude Include="..\Classes\Util\JsonUtil.h">
      <Filter>src\Utils</Filter>
    </ClInclude>
    <ClInclude Include="..\Classes\HeartCount.h">
      <Filter>src</Filter>
    </ClInclude>
    <ClInclude Include="..\Classes\HpBar.h">
      <Filter>src</Filter>
    </ClInclude>
    <ClInclude Include="..\Classes\GameManager.h">
      <Filter>src</Filter>
    </ClInclude>
    <ClInclude Include="..\Classes\Util\EnemyDataLoadUtil.h">
      <Filter>src\Utils</Filter>
    </ClInclude>
    <ClInclude Include="..\Classes\PauseDevice.h">
      <Filter>src</Filter>
    </ClInclude>
    <ClInclude Include="..\Classes\Layer\SceneItemLayer.h">
      <Filter>src\Layer</Filter>
    </ClInclude>
    <ClInclude Include="..\Classes\Entity\SceneItem.h">
      <Filter>src\Entity\SceneItem</Filter>
    </ClInclude>
    <ClInclude Include="..\Classes\Entity\LeverSceneItem.h">
      <Filter>src\Entity\SceneItem</Filter>
    </ClInclude>
    <ClInclude Include="..\Classes\Entity\PulleySceneItem.h">
      <Filter>src\Entity\SceneItem</Filter>
    </ClInclude>
    <ClInclude Include="..\Classes\Entity\RailgunSceneItem.h">
      <Filter>src\Entity\SceneItem</Filter>
    </ClInclude>
    <ClInclude Include="..\Classes\Entity\ChemistrySceneItem.h">
      <Filter>src\Entity\SceneItem</Filter>
    </ClInclude>
    <ClInclude Include="..\Classes\Entity\ConsumableProp.h">
      <Filter>src\Entity</Filter>
    </ClInclude>
    <ClInclude Include="..\Classes\Entity\PlacementProp.h">
      <Filter>src\Entity</Filter>
    </ClInclude>
    <ClInclude Include="..\Classes\Entity\PortableProp.h">
      <Filter>src\Entity</Filter>
    </ClInclude>
    <ClInclude Include="..\Classes\ShopItemButton.h">
      <Filter>src</Filter>
    </ClInclude>
    <ClInclude Include="..\Classes\PlayerInfo.h">
      <Filter>src</Filter>
    </ClInclude>
    <ClInclude Include="..\Classes\Entity\BossSkill.h">
      <Filter>src\Entity</Filter>
    </ClInclude>
    <ClInclude Include="..\Classes\CharacterSelector.h">
      <Filter>src</Filter>
    </ClInclude>
    <ClInclude Include="..\Classes\Entity\BossFlyingObject.h">
      <Filter>src\Entity\FlyingObject</Filter>
    </ClInclude>
  </ItemGroup>
  <ItemGroup>
    <ResourceCompile Include="game.rc">
      <Filter>resource</Filter>
    </ResourceCompile>
  </ItemGroup>
  <ItemGroup>
    <None Include="..\Classes\Json\json_internalarray.inl">
      <Filter>src\Json</Filter>
    </None>
    <None Include="..\Classes\Json\json_internalmap.inl">
      <Filter>src\Json</Filter>
    </None>
    <None Include="..\Classes\Json\json_valueiterator.inl">
      <Filter>src\Json</Filter>
    </None>
    <None Include="..\Classes\Json\sconscript">
      <Filter>src\Json</Filter>
    </None>
  </ItemGroup>
</Project>